<?xml version="1.0" encoding="utf-8"?>
<Project ToolsVersion="4.0" xmlns="http://schemas.microsoft.com/developer/msbuild/2003">
  <ItemGroup>
    <Filter Include="Header Files">
      <UniqueIdentifier>{484638bc-79e4-44ad-9661-c45e1e3a2564}</UniqueIdentifier>
    </Filter>
    <Filter Include="Source Files">
      <UniqueIdentifier>{14794ad9-203c-492d-8319-527c60293683}</UniqueIdentifier>
    </Filter>
  </ItemGroup>
  <ItemGroup>
    <ClInclude Include="..\..\Modules\_sqlite\cache.h">
      <Filter>Header Files</Filter>
    </ClInclude>
    <ClInclude Include="..\..\Modules\_sqlite\connection.h">
      <Filter>Header Files</Filter>
    </ClInclude>
    <ClInclude Include="..\..\Modules\_sqlite\cursor.h">
      <Filter>Header Files</Filter>
    </ClInclude>
    <ClInclude Include="..\..\Modules\_sqlite\microprotocols.h">
      <Filter>Header Files</Filter>
    </ClInclude>
    <ClInclude Include="..\..\Modules\_sqlite\module.h">
      <Filter>Header Files</Filter>
    </ClInclude>
    <ClInclude Include="..\..\Modules\_sqlite\prepare_protocol.h">
      <Filter>Header Files</Filter>
    </ClInclude>
    <ClInclude Include="..\..\Modules\_sqlite\row.h">
      <Filter>Header Files</Filter>
    </ClInclude>
    <ClInclude Include="..\..\Modules\_sqlite\sqlitecompat.h">
      <Filter>Header Files</Filter>
    </ClInclude>
    <ClInclude Include="..\..\Modules\_sqlite\statement.h">
      <Filter>Header Files</Filter>
    </ClInclude>
    <ClInclude Include="..\..\Modules\_sqlite\util.h">
      <Filter>Header Files</Filter>
    </ClInclude>
  </ItemGroup>
  <ItemGroup>
    <ClCompile Include="..\..\Modules\_sqlite\cache.c">
      <Filter>Source Files</Filter>
    </ClCompile>
    <ClCompile Include="..\..\Modules\_sqlite\connection.c">
      <Filter>Source Files</Filter>
    </ClCompile>
    <ClCompile Include="..\..\Modules\_sqlite\cursor.c">
      <Filter>Source Files</Filter>
    </ClCompile>
    <ClCompile Include="..\..\Modules\_sqlite\microprotocols.c">
      <Filter>Source Files</Filter>
    </ClCompile>
    <ClCompile Include="..\..\Modules\_sqlite\module.c">
      <Filter>Source Files</Filter>
    </ClCompile>
    <ClCompile Include="..\..\Modules\_sqlite\prepare_protocol.c">
      <Filter>Source Files</Filter>
    </ClCompile>
    <ClCompile Include="..\..\Modules\_sqlite\row.c">
      <Filter>Source Files</Filter>
    </ClCompile>
    <ClCompile Include="..\..\Modules\_sqlite\statement.c">
      <Filter>Source Files</Filter>
    </ClCompile>
    <ClCompile Include="..\..\Modules\_sqlite\util.c">
      <Filter>Source Files</Filter>
    </ClCompile>
  </ItemGroup>
</Project>