<?xml version="1.0" encoding="utf-8"?>
<Project ToolsVersion="4.0" xmlns="http://schemas.microsoft.com/developer/msbuild/2003">
  <ItemGroup>
    <Filter Include="Source Files">
      <UniqueIdentifier>{fa8341dd-3385-42dd-96d0-2c76f865d959}</UniqueIdentifier>
    </Filter>
    <Filter Include="bzip2 1.0.6 Header Files">
      <UniqueIdentifier>{56b96265-94e3-4496-b6c7-347b123e513d}</UniqueIdentifier>
    </Filter>
    <Filter Include="bzip2 1.0.6 Source Files">
      <UniqueIdentifier>{d3f4b54e-25ea-49ba-b626-d1c315153096}</UniqueIdentifier>
    </Filter>
  </ItemGroup>
  <ItemGroup>
    <ClCompile Include="..\..\Modules\bz2module.c">
      <Filter>Source Files</Filter>
    </ClCompile>
  </ItemGroup>
</Project>